// !$*UTF8*$!
{
	archiveVersion = 1;
	classes = {
	};
	objectVersion = 46;
	objects = {

/* Begin PBXBuildFile section */
		1D6F4FBE1EF1659800CA55DA /* AppDelegate.swift in Sources */ = {isa = PBXBuildFile; fileRef = 1D6F4FBD1EF1659800CA55DA /* AppDelegate.swift */; };
		1D6F4FC01EF1659800CA55DA /* ViewController.swift in Sources */ = {isa = PBXBuildFile; fileRef = 1D6F4FBF1EF1659800CA55DA /* ViewController.swift */; };
		1D6F4FC31EF1659800CA55DA /* Main.storyboard in Resources */ = {isa = PBXBuildFile; fileRef = 1D6F4FC11EF1659800CA55DA /* Main.storyboard */; };
		1D6F4FC51EF1659800CA55DA /* Assets.xcassets in Resources */ = {isa = PBXBuildFile; fileRef = 1D6F4FC41EF1659800CA55DA /* Assets.xcassets */; };
		1D6F4FC81EF1659800CA55DA /* LaunchScreen.storyboard in Resources */ = {isa = PBXBuildFile; fileRef = 1D6F4FC61EF1659800CA55DA /* LaunchScreen.storyboard */; };
		1D6F4FD01EF1698100CA55DA /* ResultViewController.swift in Sources */ = {isa = PBXBuildFile; fileRef = 1D6F4FCF1EF1698100CA55DA /* ResultViewController.swift */; };
/* End PBXBuildFile section */

/* Begin PBXFileReference section */
		1D6F4FBA1EF1659800CA55DA /* SecondKadaiApp.app */ = {isa = PBXFileReference; explicitFileType = wrapper.application; includeInIndex = 0; path = SecondKadaiApp.app; sourceTree = BUILT_PRODUCTS_DIR; };
		1D6F4FBD1EF1659800CA55DA /* AppDelegate.swift */ = {isa = PBXFileReference; lastKnownFileType = sourcecode.swift; path = AppDelegate.swift; sourceTree = "<group>"; };
		1D6F4FBF1EF1659800CA55DA /* ViewController.swift */ = {isa = PBXFileReference; lastKnownFileType = sourcecode.swift; path = ViewController.swift; sourceTree = "<group>"; };
		1D6F4FC21EF1659800CA55DA /* Base */ = {isa = PBXFileReference; lastKnownFileType = file.storyboard; name = Base; path = Base.lproj/Main.storyboard; sourceTree = "<group>"; };
		1D6F4FC41EF1659800CA55DA /* Assets.xcassets */ = {isa = PBXFileReference; lastKnownFileType = folder.assetcatalog; path = Assets.xcassets; sourceTree = "<group>"; };
		1D6F4FC71EF1659800CA55DA /* Base */ = {isa = PBXFileReference; lastKnownFileType = file.storyboard; name = Base; path = Base.lproj/LaunchScreen.storyboard; sourceTree = "<group>"; };
		1D6F4FC91EF1659800CA55DA /* Info.plist */ = {isa = PBXFileReference; lastKnownFileType = text.plist.xml; path = Info.plist; sourceTree = "<group>"; };
		1D6F4FCF1EF1698100CA55DA /* ResultViewController.swift */ = {isa = PBXFileReference; fileEncoding = 4; lastKnownFileType = sourcecode.swift; path = ResultViewController.swift; sourceTree = "<group>"; };
/* End PBXFileReference section */

/* Begin PBXFrameworksBuildPhase section */
		1D6F4FB71EF1659800CA55DA /* Frameworks */ = {
			isa = PBXFrameworksBuildPhase;
			buildActionMask = 2147483647;
			files = (
			);
			runOnlyForDeploymentPostprocessing = 0;
		};
/* End PBXFrameworksBuildPhase section */

/* Begin PBXGroup section */
		1D6F4FB11EF1659800CA55DA = {
			isa = PBXGroup;
			children = (
				1D6F4FBC1EF1659800CA55DA /* SecondKadaiApp */,
				1D6F4FBB1EF1659800CA55DA /* Products */,
			);
			sourceTree = "<group>";
		};
		1D6F4FBB1EF1659800CA55DA /* Products */ = {
			isa = PBXGroup;
			children = (
				1D6F4FBA1EF1659800CA55DA /* SecondKadaiApp.app */,
			);
			name = Products;
			sourceTree = "<group>";
		};
		1D6F4FBC1EF1659800CA55DA /* SecondKadaiApp */ = {
			isa = PBXGroup;
			children = (
				1D6F4FBD1EF1659800CA55DA /* AppDelegate.swift */,
				1D6F4FBF1EF1659800CA55DA /* ViewController.swift */,
				1D6F4FC11EF1659800CA55DA /* Main.storyboard */,
				1D6F4FCF1EF1698100CA55DA /* ResultViewController.swift */,
				1D6F4FC41EF1659800CA55DA /* Assets.xcassets */,
				1D6F4FC61EF1659800CA55DA /* LaunchScreen.storyboard */,
				1D6F4FC91EF1659800CA55DA /* Info.plist */,
			);
			path = SecondKadaiApp;
			sourceTree = "<group>";
		};
/* End PBXGroup section */

/* Begin PBXNativeTarget section */
		1D6F4FB91EF1659800CA55DA /* SecondKadaiApp */ = {
			isa = PBXNativeTarget;
			buildConfigurationList = 1D6F4FCC1EF1659800CA55DA /* Build configuration list for PBXNativeTarget "SecondKadaiApp" */;
			buildPhases = (
				1D6F4FB61EF1659800CA55DA /* Sources */,
				1D6F4FB71EF1659800CA55DA /* Frameworks */,
				1D6F4FB81EF1659800CA55DA /* Resources */,
			);
			buildRules = (
			);
			dependencies = (
			);
			name = SecondKadaiApp;
			productName = SecondKadaiApp;
			productReference = 1D6F4FBA1EF1659800CA55DA /* SecondKadaiApp.app */;
			productType = "com.apple.product-type.application";
		};
/* End PBXNativeTarget section */

/* Begin PBXProject section */
		1D6F4FB21EF1659800CA55DA /* Project object */ = {
			isa = PBXProject;
			attributes = {
				LastSwiftUpdateCheck = 0830;
				LastUpgradeCheck = 0830;
				ORGANIZATIONNAME = mimieden;
				TargetAttributes = {
					1D6F4FB91EF1659800CA55DA = {
						CreatedOnToolsVersion = 8.3.3;
						ProvisioningStyle = Automatic;
					};
				};
			};
			buildConfigurationList = 1D6F4FB51EF1659800CA55DA /* Build configuration list for PBXProject "SecondKadaiApp" */;
			compatibilityVersion = "Xcode 3.2";
			developmentRegion = English;
			hasScannedForEncodings = 0;
			knownRegions = (
				en,
				Base,
			);
			mainGroup = 1D6F4FB11EF1659800CA55DA;
			productRefGroup = 1D6F4FBB1EF1659800CA55DA /* Products */;
			projectDirPath = "";
			projectRoot = "";
			targets = (
				1D6F4FB91EF1659800CA55DA /* SecondKadaiApp */,
			);
		};
/* End PBXProject section */

/* Begin PBXResourcesBuildPhase section */
		1D6F4FB81EF1659800CA55DA /* Resources */ = {
			isa = PBXResourcesBuildPhase;
			buildActionMask = 2147483647;
			files = (
				1D6F4FC81EF1659800CA55DA /* LaunchScreen.storyboard in Resources */,
				1D6F4FC51EF1659800CA55DA /* Assets.xcassets in Resources */,
				1D6F4FC31EF1659800CA55DA /* Main.storyboard in Resources */,
			);
			runOnlyForDeploymentPostprocessing = 0;
		};
/* End PBXResourcesBuildPhase section */

/* Begin PBXSourcesBuildPhase section */
		1D6F4FB61EF1659800CA55DA /* Sources */ = {
			isa = PBXSourcesBuildPhase;
			buildActionMask = 2147483647;
			files = (
				1D6F4FC01EF1659800CA55DA /* ViewController.swift in Sources */,
				1D6F4FBE1EF1659800CA55DA /* AppDelegate.swift in Sources */,
				1D6F4FD01EF1698100CA55DA /* ResultViewController.swift in Sources */,
			);
			runOnlyForDeploymentPostprocessing = 0;
		};
/* End PBXSourcesBuildPhase section */

/* Begin PBXVariantGroup section */
		1D6F4FC11EF1659800CA55DA /* Main.storyboard */ = {
			isa = PBXVariantGroup;
			children = (
				1D6F4FC21EF1659800CA55DA /* Base */,
			);
			name = Main.storyboard;
			sourceTree = "<group>";
		};
		1D6F4FC61EF1659800CA55DA /* LaunchScreen.storyboard */ = {
			isa = PBXVariantGroup;
			children = (
				1D6F4FC71EF1659800CA55DA /* Base */,
			);
			name = LaunchScreen.storyboard;
			sourceTree = "<group>";
		};
/* End PBXVariantGroup section */

/* Begin XCBuildConfiguration section */
		1D6F4FCA1EF1659800CA55DA /* Debug */ = {
			isa = XCBuildConfiguration;
			buildSettings = {
				ALWAYS_SEARCH_USER_PATHS = NO;
				CLANG_ANALYZER_NONNULL = YES;
				CLANG_ANALYZER_NUMBER_OBJECT_CONVERSION = YES_AGGRESSIVE;
				CLANG_CXX_LANGUAGE_STANDARD = "gnu++0x";
				CLANG_CXX_LIBRARY = "libc++";
				CLANG_ENABLE_MODULES = YES;
				CLANG_ENABLE_OBJC_ARC = YES;
				CLANG_WARN_BOOL_CONVERSION = YES;
				CLANG_WARN_CONSTANT_CONVERSION = YES;
				CLANG_WARN_DIRECT_OBJC_ISA_USAGE = YES_ERROR;
				CLANG_WARN_DOCUMENTATION_COMMENTS = YES;
				CLANG_WARN_EMPTY_BODY = YES;
				CLANG_WARN_ENUM_CONVERSION = YES;
				CLANG_WARN_INFINITE_RECURSION = YES;
				CLANG_WARN_INT_CONVERSION = YES;
				CLANG_WARN_OBJC_ROOT_CLASS = YES_ERROR;
				CLANG_WARN_SUSPICIOUS_MOVE = YES;
				CLANG_WARN_UNREACHABLE_CODE = YES;
				CLANG_WARN__DUPLICATE_METHOD_MATCH = YES;
				"CODE_SIGN_IDENTITY[sdk=iphoneos*]" = "iPhone Developer";
				COPY_PHASE_STRIP = NO;
				DEBUG_INFORMATION_FORMAT = dwarf;
				ENABLE_STRICT_OBJC_MSGSEND = YES;
				ENABLE_TESTABILITY = YES;
				GCC_C_LANGUAGE_STANDARD = gnu99;
				GCC_DYNAMIC_NO_PIC = NO;
				GCC_NO_COMMON_BLOCKS = YES;
				GCC_OPTIMIZATION_LEVEL = 0;
				GCC_PREPROCESSOR_DEFINITIONS = (
					"DEBUG=1",
					"$(inherited)",
				);
				GCC_WARN_64_TO_32_BIT_CONVERSION = YES;
				GCC_WARN_ABOUT_RETURN_TYPE = YES_ERROR;
				GCC_WARN_UNDECLARED_SELECTOR = YES;
				GCC_WARN_UNINITIALIZED_AUTOS = YES_AGGRESSIVE;
				GCC_WARN_UNUSED_FUNCTION = YES;
				GCC_WARN_UNUSED_VARIABLE = YES;
				IPHONEOS_DEPLOYMENT_TARGET = 10.3;
				MTL_ENABLE_DEBUG_INFO = YES;
				ONLY_ACTIVE_ARCH = YES;
				SDKROOT = iphoneos;
				SWIFT_ACTIVE_COMPILATION_CONDITIONS = DEBUG;
				SWIFT_OPTIMIZATION_LEVEL = "-Onone";
			};
			name = Debug;
		};
		1D6F4FCB1EF1659800CA55DA /* Release */ = {
			isa = XCBuildConfiguration;
			buildSettings = {
				ALWAYS_SEARCH_USER_PATHS = NO;
				CLANG_ANALYZER_NONNULL = YES;
				CLANG_ANALYZER_NUMBER_OBJECT_CONVERSION = YES_AGGRESSIVE;
				CLANG_CXX_LANGUAGE_STANDARD = "gnu++0x";
				CLANG_CXX_LIBRARY = "libc++";
				CLANG_ENABLE_MODULES = YES;
				CLANG_ENABLE_OBJC_ARC = YES;
				CLANG_WARN_BOOL_CONVERSION = YES;
				CLANG_WARN_CONSTANT_CONVERSION = YES;
				CLANG_WARN_DIRECT_OBJC_ISA_USAGE = YES_ERROR;
				CLANG_WARN_DOCUMENTATION_COMMENTS = YES;
				CLANG_WARN_EMPTY_BODY = YES;
				CLANG_WARN_ENUM_CONVERSION = YES;
				CLANG_WARN_INFINITE_RECURSION = YES;
				CLANG_WARN_INT_CONVERSION = YES;
				CLANG_WARN_OBJC_ROOT_CLASS = YES_ERROR;
				CLANG_WARN_SUSPICIOUS_MOVE = YES;
				CLANG_WARN_UNREACHABLE_CODE = YES;
				CLANG_WARN__DUPLICATE_METHOD_MATCH = YES;
				"CODE_SIGN_IDENTITY[sdk=iphoneos*]" = "iPhone Developer";
				COPY_PHASE_STRIP = NO;
				DEBUG_INFORMATION_FORMAT = "dwarf-with-dsym";
				ENABLE_NS_ASSERTIONS = NO;
				ENABLE_STRICT_OBJC_MSGSEND = YES;
				GCC_C_LANGUAGE_STANDARD = gnu99;
				GCC_NO_COMMON_BLOCKS = YES;
				GCC_WARN_64_TO_32_BIT_CONVERSION = YES;
				GCC_WARN_ABOUT_RETURN_TYPE = YES_ERROR;
				GCC_WARN_UNDECLARED_SELECTOR = YES;
				GCC_WARN_UNINITIALIZED_AUTOS = YES_AGGRESSIVE;
				GCC_WARN_UNUSED_FUNCTION = YES;
				GCC_WARN_UNUSED_VARIABLE = YES;
				IPHONEOS_DEPLOYMENT_TARGET = 10.3;
				MTL_ENABLE_DEBUG_INFO = NO;
				SDKROOT = iphoneos;
				SWIFT_OPTIMIZATION_LEVEL = "-Owholemodule";
				VALIDATE_PRODUCT = YES;
			};
			name = Release;
		};
		1D6F4FCD1EF1659800CA55DA /* Debug */ = {
			isa = XCBuildConfiguration;
			buildSettings = {
				ASSETCATALOG_COMPILER_APPICON_NAME = AppIcon;
				INFOPLIST_FILE = SecondKadaiApp/Info.plist;
				LD_RUNPATH_SEARCH_PATHS = "$(inherited) @executable_path/Frameworks";
				PRODUCT_BUNDLE_IDENTIFIER = jp.techacademy.mimieden.SecondKadaiApp;
				PRODUCT_NAME = "$(TARGET_NAME)";
				SWIFT_VERSION = 3.0;
			};
			name = Debug;
		};
		1D6F4FCE1EF1659800CA55DA /* Release */ = {
			isa = XCBuildConfiguration;
			buildSettings = {
				ASSETCATALOG_COMPILER_APPICON_NAME = AppIcon;
				INFOPLIST_FILE = SecondKadaiApp/Info.plist;
				LD_RUNPATH_SEARCH_PATHS = "$(inherited) @executable_path/Frameworks";
				PRODUCT_BUNDLE_IDENTIFIER = jp.techacademy.mimieden.SecondKadaiApp;
				PRODUCT_NAME = "$(TARGET_NAME)";
				SWIFT_VERSION = 3.0;
			};
			name = Release;
		};
/* End XCBuildConfiguration section */

/* Begin XCConfigurationList section */
		1D6F4FB51EF1659800CA55DA /* Build configuration list for PBXProject "SecondKadaiApp" */ = {
			isa = XCConfigurationList;
			buildConfigurations = (
				1D6F4FCA1EF1659800CA55DA /* Debug */,
				1D6F4FCB1EF1659800CA55DA /* Release */,
			);
			defaultConfigurationIsVisible = 0;
			defaultConfigurationName = Release;
		};
		1D6F4FCC1EF1659800CA55DA /* Build configuration list for PBXNativeTarget "SecondKadaiApp" */ = {
			isa = XCConfigurationList;
			buildConfigurations = (
				1D6F4FCD1EF1659800CA55DA /* Debug */,
				1D6F4FCE1EF1659800CA55DA /* Release */,
			);
			defaultConfigurationIsVisible = 0;
		};
/* End XCConfigurationList section */
	};
	rootObject = 1D6F4FB21EF1659800CA55DA /* Project object */;
}
